# This file is generated by running "yarn install" inside your project.
# Manual changes might be lost - proceed with caution!

__metadata:
  version: 8
  cacheKey: 10

"@types/node@npm:22.8.7":
  version: 22.8.7
  resolution: "@types/node@npm:22.8.7"
  dependencies:
    undici-types: "npm:~6.19.8"
  checksum: 10/9c73d4cbcbf9773a5986421025c26d6139d8ab960317b3062fbb449c00dbe8197230334be550ffcdb6059bd25f4cb903546bace905155628537283a80c2075d5
  languageName: node
  linkType: hard

"backend@workspace:.":
  version: 0.0.0-use.local
  resolution: "backend@workspace:."
  dependencies:
    "@types/node": "npm:22.8.7"
    http: "npm:0.0.1-security"
    uuid: "npm:11.0.2"
  languageName: unknown
  linkType: soft

"http@npm:0.0.1-security":
  version: 0.0.1-security
  resolution: "http@npm:0.0.1-security"
  checksum: 10/c45a4e2771b5679b479b24150216e0b423d5bf2f94062c91b4b5e5347ed3f18b8c049e220df6e328c34ac5aab0d020600a05a9ea954bc7a7efc04d8dde7aada0
  languageName: node
  linkType: hard

"undici-types@npm:~6.19.8":
  version: 6.19.8
  resolution: "undici-types@npm:6.19.8"
  checksum: 10/cf0b48ed4fc99baf56584afa91aaffa5010c268b8842f62e02f752df209e3dea138b372a60a963b3b2576ed932f32329ce7ddb9cb5f27a6c83040d8cd74b7a70
  languageName: node
  linkType: hard

"uuid@npm:11.0.2":
  version: 11.0.2
  resolution: "uuid@npm:11.0.2"
  bin:
    uuid: dist/esm/bin/uuid
  checksum: 10/b98082f398fa2ece8cacc2264402f739256ca70def4bb82e3a14ec70777d189c01ce1054764c3b59b8fc098b62b135a15d1b24914712904c988822e2ac9b4f44
  languageName: node
  linkType: hard
