# THIS IS AN AUTOGENERATED FILE. DO NOT EDIT THIS FILE DIRECTLY.
# yarn lockfile v1


"@types/node@^22.8.7":
  version "22.8.7"
  resolved "https://registry.npmjs.org/@types/node/-/node-22.8.7.tgz"
  integrity sha512-LidcG+2UeYIWcMuMUpBKOnryBWG/rnmOHQR5apjn8myTQcx3rinFRn7DcIFhMnS0PPFSC6OafdIKEad0lj6U0Q==
  dependencies:
    undici-types "~6.19.8"

http@0.0.1-security:
  version "0.0.1-security"

typescript@^5.6.3:
  version "5.6.3"
  resolved "https://registry.npmjs.org/typescript/-/typescript-5.6.3.tgz"
  integrity sha512-hjcS1mhfuyi4WW8IWtjP7brDrG2cuDZukyrYrSauoXGNgx0S7zceP07adYkJycEr56BOUTNPzbInooiN3fn1qw==

undici-types@~6.19.8:
  version "6.19.8"

uuid@11.0.2:
  version "11.0.2"
